
Microsoft Visual Studio Solution File, Format Version 12.00
# Visual Studio Version 17
VisualStudioVersion = 17.14.36401.2 d17.14
MinimumVisualStudioVersion = 10.0.40219.1
Project("{FAE04EC0-301F-11D3-BF4B-00C04F79EFBC}") = "snake-aleksejev", "snake-aleksejev.csproj", "{CCFABBCE-4586-4576-94E0-88835FBB1115}"
EndProject
Global
	GlobalSection(SolutionConfigurationPlatforms) = preSolution
		Debug|Any CPU = Debug|Any CPU
		Release|Any CPU = Release|Any CPU
	EndGlobalSection
	GlobalSection(ProjectConfigurationPlatforms) = postSolution
		{CCFABBCE-4586-4576-94E0-88835FBB1115}.Debug|Any CPU.ActiveCfg = Debug|Any CPU
		{CCFABBCE-4586-4576-94E0-88835FBB1115}.Debug|Any CPU.Build.0 = Debug|Any CPU
		{CCFABBCE-4586-4576-94E0-88835FBB1115}.Release|Any CPU.ActiveCfg = Release|Any CPU
		{CCFABBCE-4586-4576-94E0-88835FBB1115}.Release|Any CPU.Build.0 = Release|Any CPU
	EndGlobalSection
	GlobalSection(SolutionProperties) = preSolution
		HideSolutionNode = FALSE
	EndGlobalSection
	GlobalSection(ExtensibilityGlobals) = postSolution
		SolutionGuid = {44934E9A-0450-4ECF-8C6A-1080E0C7C4CB}
	EndGlobalSection
EndGlobal
